
Microsoft Visual Studio Solution File, Format Version 12.00
Project("{FAE04EC0-301F-11D3-BF4B-00C04F79EFBC}") = "SEScripts", "SEScripts\SEScripts.csproj", "{1507457E-F170-461A-AE68-F64BF6DB1491}"
EndProject
Global
	GlobalSection(SolutionConfigurationPlatforms) = preSolution
		Debug|Any CPU = Debug|Any CPU
		Release|Any CPU = Release|Any CPU
	EndGlobalSection
	GlobalSection(ProjectConfigurationPlatforms) = postSolution
		{1507457E-F170-461A-AE68-F64BF6DB1491}.Debug|Any CPU.ActiveCfg = Debug|Any CPU
		{1507457E-F170-461A-AE68-F64BF6DB1491}.Debug|Any CPU.Build.0 = Debug|Any CPU
		{1507457E-F170-461A-AE68-F64BF6DB1491}.Release|Any CPU.ActiveCfg = Release|Any CPU
		{1507457E-F170-461A-AE68-F64BF6DB1491}.Release|Any CPU.Build.0 = Release|Any CPU
	EndGlobalSection
EndGlobal
